
Microsoft Visual Studio Solution File, Format Version 12.00
# Visual Studio Version 17
VisualStudioVersion = 17.0.31903.59
MinimumVisualStudioVersion = 10.0.40219.1
Project("{2150E333-8FDC-42A3-9474-1A3956D46DE8}") = "src", "src", "{827E0CD3-B72D-47B6-A68D-7590B98EB39B}"
EndProject
Project("{FAE04EC0-301F-11D3-BF4B-00C04F79EFBC}") = "Hospital.Domain", "src\Hospital.Domain\Hospital.Domain.csproj", "{6E328EDC-B53D-4885-BA9F-7241A9A90598}"
EndProject
Project("{FAE04EC0-301F-11D3-BF4B-00C04F79EFBC}") = "Hospital.Application", "src\Hospital.Application\Hospital.Application.csproj", "{6E7E2A1F-43BF-4417-8504-DD3732C85382}"
EndProject
Project("{FAE04EC0-301F-11D3-BF4B-00C04F79EFBC}") = "Hospital.Infrastructure", "src\Hospital.Infrastructure\Hospital.Infrastructure.csproj", "{CC617F02-A04C-4969-A29E-6EF402E8DC15}"
EndProject
Project("{FAE04EC0-301F-11D3-BF4B-00C04F79EFBC}") = "Hospital.Presentation", "src\Hospital.Presentation\Hospital.Presentation.csproj", "{6FBEB753-0384-40F0-BABE-61EBBFF4C5A6}"
EndProject
Project("{FAE04EC0-301F-11D3-BF4B-00C04F79EFBC}") = "Hospital.Contracts", "src\Hospital.Contracts\Hospital.Contracts.csproj", "{59BF8CF3-789E-42CA-88DF-50DCFA24033A}"
EndProject
Project("{FAE04EC0-301F-11D3-BF4B-00C04F79EFBC}") = "Hospital.Plugins", "src\Hospital.Plugins\Hospital.Plugins.csproj", "{81D382B6-EB1F-4FDF-A28E-AB88A0609EBC}"
EndProject
Project("{2150E333-8FDC-42A3-9474-1A3956D46DE8}") = "tests", "tests", "{0AB3BF05-4346-4AA6-1389-037BE0695223}"
EndProject
Project("{FAE04EC0-301F-11D3-BF4B-00C04F79EFBC}") = "Hospital.Domain.Tests", "tests\Hospital.Domain.Tests\Hospital.Domain.Tests.csproj", "{2B054615-A3E7-4151-901D-B8248EA4ACC8}"
EndProject
Project("{FAE04EC0-301F-11D3-BF4B-00C04F79EFBC}") = "Hospital.Application.Tests", "tests\Hospital.Application.Tests\Hospital.Application.Tests.csproj", "{12ACCA8B-9EB6-44B0-BC2C-6346BA8DF5D4}"
EndProject
Project("{FAE04EC0-301F-11D3-BF4B-00C04F79EFBC}") = "Hospital.Infrastructure.Tests", "tests\Hospital.Infrastructure.Tests\Hospital.Infrastructure.Tests.csproj", "{8267A200-DAE5-4591-9EC6-396ADF9DC2DB}"
EndProject
Global
	GlobalSection(SolutionConfigurationPlatforms) = preSolution
		Debug|Any CPU = Debug|Any CPU
		Debug|x64 = Debug|x64
		Debug|x86 = Debug|x86
		Release|Any CPU = Release|Any CPU
		Release|x64 = Release|x64
		Release|x86 = Release|x86
	EndGlobalSection
	GlobalSection(ProjectConfigurationPlatforms) = postSolution
		{6E328EDC-B53D-4885-BA9F-7241A9A90598}.Debug|Any CPU.ActiveCfg = Debug|Any CPU
		{6E328EDC-B53D-4885-BA9F-7241A9A90598}.Debug|Any CPU.Build.0 = Debug|Any CPU
		{6E328EDC-B53D-4885-BA9F-7241A9A90598}.Debug|x64.ActiveCfg = Debug|Any CPU
		{6E328EDC-B53D-4885-BA9F-7241A9A90598}.Debug|x64.Build.0 = Debug|Any CPU
		{6E328EDC-B53D-4885-BA9F-7241A9A90598}.Debug|x86.ActiveCfg = Debug|Any CPU
		{6E328EDC-B53D-4885-BA9F-7241A9A90598}.Debug|x86.Build.0 = Debug|Any CPU
		{6E328EDC-B53D-4885-BA9F-7241A9A90598}.Release|Any CPU.ActiveCfg = Release|Any CPU
		{6E328EDC-B53D-4885-BA9F-7241A9A90598}.Release|Any CPU.Build.0 = Release|Any CPU
		{6E328EDC-B53D-4885-BA9F-7241A9A90598}.Release|x64.ActiveCfg = Release|Any CPU
		{6E328EDC-B53D-4885-BA9F-7241A9A90598}.Release|x64.Build.0 = Release|Any CPU
		{6E328EDC-B53D-4885-BA9F-7241A9A90598}.Release|x86.ActiveCfg = Release|Any CPU
		{6E328EDC-B53D-4885-BA9F-7241A9A90598}.Release|x86.Build.0 = Release|Any CPU
		{6E7E2A1F-43BF-4417-8504-DD3732C85382}.Debug|Any CPU.ActiveCfg = Debug|Any CPU
		{6E7E2A1F-43BF-4417-8504-DD3732C85382}.Debug|Any CPU.Build.0 = Debug|Any CPU
		{6E7E2A1F-43BF-4417-8504-DD3732C85382}.Debug|x64.ActiveCfg = Debug|Any CPU
		{6E7E2A1F-43BF-4417-8504-DD3732C85382}.Debug|x64.Build.0 = Debug|Any CPU
		{6E7E2A1F-43BF-4417-8504-DD3732C85382}.Debug|x86.ActiveCfg = Debug|Any CPU
		{6E7E2A1F-43BF-4417-8504-DD3732C85382}.Debug|x86.Build.0 = Debug|Any CPU
		{6E7E2A1F-43BF-4417-8504-DD3732C85382}.Release|Any CPU.ActiveCfg = Release|Any CPU
		{6E7E2A1F-43BF-4417-8504-DD3732C85382}.Release|Any CPU.Build.0 = Release|Any CPU
		{6E7E2A1F-43BF-4417-8504-DD3732C85382}.Release|x64.ActiveCfg = Release|Any CPU
		{6E7E2A1F-43BF-4417-8504-DD3732C85382}.Release|x64.Build.0 = Release|Any CPU
		{6E7E2A1F-43BF-4417-8504-DD3732C85382}.Release|x86.ActiveCfg = Release|Any CPU
		{6E7E2A1F-43BF-4417-8504-DD3732C85382}.Release|x86.Build.0 = Release|Any CPU
		{CC617F02-A04C-4969-A29E-6EF402E8DC15}.Debug|Any CPU.ActiveCfg = Debug|Any CPU
		{CC617F02-A04C-4969-A29E-6EF402E8DC15}.Debug|Any CPU.Build.0 = Debug|Any CPU
		{CC617F02-A04C-4969-A29E-6EF402E8DC15}.Debug|x64.ActiveCfg = Debug|Any CPU
		{CC617F02-A04C-4969-A29E-6EF402E8DC15}.Debug|x64.Build.0 = Debug|Any CPU
		{CC617F02-A04C-4969-A29E-6EF402E8DC15}.Debug|x86.ActiveCfg = Debug|Any CPU
		{CC617F02-A04C-4969-A29E-6EF402E8DC15}.Debug|x86.Build.0 = Debug|Any CPU
		{CC617F02-A04C-4969-A29E-6EF402E8DC15}.Release|Any CPU.ActiveCfg = Release|Any CPU
		{CC617F02-A04C-4969-A29E-6EF402E8DC15}.Release|Any CPU.Build.0 = Release|Any CPU
		{CC617F02-A04C-4969-A29E-6EF402E8DC15}.Release|x64.ActiveCfg = Release|Any CPU
		{CC617F02-A04C-4969-A29E-6EF402E8DC15}.Release|x64.Build.0 = Release|Any CPU
		{CC617F02-A04C-4969-A29E-6EF402E8DC15}.Release|x86.ActiveCfg = Release|Any CPU
		{CC617F02-A04C-4969-A29E-6EF402E8DC15}.Release|x86.Build.0 = Release|Any CPU
		{6FBEB753-0384-40F0-BABE-61EBBFF4C5A6}.Debug|Any CPU.ActiveCfg = Debug|Any CPU
		{6FBEB753-0384-40F0-BABE-61EBBFF4C5A6}.Debug|Any CPU.Build.0 = Debug|Any CPU
		{6FBEB753-0384-40F0-BABE-61EBBFF4C5A6}.Debug|x64.ActiveCfg = Debug|Any CPU
		{6FBEB753-0384-40F0-BABE-61EBBFF4C5A6}.Debug|x64.Build.0 = Debug|Any CPU
		{6FBEB753-0384-40F0-BABE-61EBBFF4C5A6}.Debug|x86.ActiveCfg = Debug|Any CPU
		{6FBEB753-0384-40F0-BABE-61EBBFF4C5A6}.Debug|x86.Build.0 = Debug|Any CPU
		{6FBEB753-0384-40F0-BABE-61EBBFF4C5A6}.Release|Any CPU.ActiveCfg = Release|Any CPU
		{6FBEB753-0384-40F0-BABE-61EBBFF4C5A6}.Release|Any CPU.Build.0 = Release|Any CPU
		{6FBEB753-0384-40F0-BABE-61EBBFF4C5A6}.Release|x64.ActiveCfg = Release|Any CPU
		{6FBEB753-0384-40F0-BABE-61EBBFF4C5A6}.Release|x64.Build.0 = Release|Any CPU
		{6FBEB753-0384-40F0-BABE-61EBBFF4C5A6}.Release|x86.ActiveCfg = Release|Any CPU
		{6FBEB753-0384-40F0-BABE-61EBBFF4C5A6}.Release|x86.Build.0 = Release|Any CPU
		{59BF8CF3-789E-42CA-88DF-50DCFA24033A}.Debug|Any CPU.ActiveCfg = Debug|Any CPU
		{59BF8CF3-789E-42CA-88DF-50DCFA24033A}.Debug|Any CPU.Build.0 = Debug|Any CPU
		{59BF8CF3-789E-42CA-88DF-50DCFA24033A}.Debug|x64.ActiveCfg = Debug|Any CPU
		{59BF8CF3-789E-42CA-88DF-50DCFA24033A}.Debug|x64.Build.0 = Debug|Any CPU
		{59BF8CF3-789E-42CA-88DF-50DCFA24033A}.Debug|x86.ActiveCfg = Debug|Any CPU
		{59BF8CF3-789E-42CA-88DF-50DCFA24033A}.Debug|x86.Build.0 = Debug|Any CPU
		{59BF8CF3-789E-42CA-88DF-50DCFA24033A}.Release|Any CPU.ActiveCfg = Release|Any CPU
		{59BF8CF3-789E-42CA-88DF-50DCFA24033A}.Release|Any CPU.Build.0 = Release|Any CPU
		{59BF8CF3-789E-42CA-88DF-50DCFA24033A}.Release|x64.ActiveCfg = Release|Any CPU
		{59BF8CF3-789E-42CA-88DF-50DCFA24033A}.Release|x64.Build.0 = Release|Any CPU
		{59BF8CF3-789E-42CA-88DF-50DCFA24033A}.Release|x86.ActiveCfg = Release|Any CPU
		{59BF8CF3-789E-42CA-88DF-50DCFA24033A}.Release|x86.Build.0 = Release|Any CPU
		{81D382B6-EB1F-4FDF-A28E-AB88A0609EBC}.Debug|Any CPU.ActiveCfg = Debug|Any CPU
		{81D382B6-EB1F-4FDF-A28E-AB88A0609EBC}.Debug|Any CPU.Build.0 = Debug|Any CPU
		{81D382B6-EB1F-4FDF-A28E-AB88A0609EBC}.Debug|x64.ActiveCfg = Debug|Any CPU
		{81D382B6-EB1F-4FDF-A28E-AB88A0609EBC}.Debug|x64.Build.0 = Debug|Any CPU
		{81D382B6-EB1F-4FDF-A28E-AB88A0609EBC}.Debug|x86.ActiveCfg = Debug|Any CPU
		{81D382B6-EB1F-4FDF-A28E-AB88A0609EBC}.Debug|x86.Build.0 = Debug|Any CPU
		{81D382B6-EB1F-4FDF-A28E-AB88A0609EBC}.Release|Any CPU.ActiveCfg = Release|Any CPU
		{81D382B6-EB1F-4FDF-A28E-AB88A0609EBC}.Release|Any CPU.Build.0 = Release|Any CPU
		{81D382B6-EB1F-4FDF-A28E-AB88A0609EBC}.Release|x64.ActiveCfg = Release|Any CPU
		{81D382B6-EB1F-4FDF-A28E-AB88A0609EBC}.Release|x64.Build.0 = Release|Any CPU
		{81D382B6-EB1F-4FDF-A28E-AB88A0609EBC}.Release|x86.ActiveCfg = Release|Any CPU
		{81D382B6-EB1F-4FDF-A28E-AB88A0609EBC}.Release|x86.Build.0 = Release|Any CPU
		{2B054615-A3E7-4151-901D-B8248EA4ACC8}.Debug|Any CPU.ActiveCfg = Debug|Any CPU
		{2B054615-A3E7-4151-901D-B8248EA4ACC8}.Debug|Any CPU.Build.0 = Debug|Any CPU
		{2B054615-A3E7-4151-901D-B8248EA4ACC8}.Debug|x64.ActiveCfg = Debug|Any CPU
		{2B054615-A3E7-4151-901D-B8248EA4ACC8}.Debug|x64.Build.0 = Debug|Any CPU
		{2B054615-A3E7-4151-901D-B8248EA4ACC8}.Debug|x86.ActiveCfg = Debug|Any CPU
		{2B054615-A3E7-4151-901D-B8248EA4ACC8}.Debug|x86.Build.0 = Debug|Any CPU
		{2B054615-A3E7-4151-901D-B8248EA4ACC8}.Release|Any CPU.ActiveCfg = Release|Any CPU
		{2B054615-A3E7-4151-901D-B8248EA4ACC8}.Release|Any CPU.Build.0 = Release|Any CPU
		{2B054615-A3E7-4151-901D-B8248EA4ACC8}.Release|x64.ActiveCfg = Release|Any CPU
		{2B054615-A3E7-4151-901D-B8248EA4ACC8}.Release|x64.Build.0 = Release|Any CPU
		{2B054615-A3E7-4151-901D-B8248EA4ACC8}.Release|x86.ActiveCfg = Release|Any CPU
		{2B054615-A3E7-4151-901D-B8248EA4ACC8}.Release|x86.Build.0 = Release|Any CPU
		{12ACCA8B-9EB6-44B0-BC2C-6346BA8DF5D4}.Debug|Any CPU.ActiveCfg = Debug|Any CPU
		{12ACCA8B-9EB6-44B0-BC2C-6346BA8DF5D4}.Debug|Any CPU.Build.0 = Debug|Any CPU
		{12ACCA8B-9EB6-44B0-BC2C-6346BA8DF5D4}.Debug|x64.ActiveCfg = Debug|Any CPU
		{12ACCA8B-9EB6-44B0-BC2C-6346BA8DF5D4}.Debug|x64.Build.0 = Debug|Any CPU
		{12ACCA8B-9EB6-44B0-BC2C-6346BA8DF5D4}.Debug|x86.ActiveCfg = Debug|Any CPU
		{12ACCA8B-9EB6-44B0-BC2C-6346BA8DF5D4}.Debug|x86.Build.0 = Debug|Any CPU
		{12ACCA8B-9EB6-44B0-BC2C-6346BA8DF5D4}.Release|Any CPU.ActiveCfg = Release|Any CPU
		{12ACCA8B-9EB6-44B0-BC2C-6346BA8DF5D4}.Release|Any CPU.Build.0 = Release|Any CPU
		{12ACCA8B-9EB6-44B0-BC2C-6346BA8DF5D4}.Release|x64.ActiveCfg = Release|Any CPU
		{12ACCA8B-9EB6-44B0-BC2C-6346BA8DF5D4}.Release|x64.Build.0 = Release|Any CPU
		{12ACCA8B-9EB6-44B0-BC2C-6346BA8DF5D4}.Release|x86.ActiveCfg = Release|Any CPU
		{12ACCA8B-9EB6-44B0-BC2C-6346BA8DF5D4}.Release|x86.Build.0 = Release|Any CPU
		{8267A200-DAE5-4591-9EC6-396ADF9DC2DB}.Debug|Any CPU.ActiveCfg = Debug|Any CPU
		{8267A200-DAE5-4591-9EC6-396ADF9DC2DB}.Debug|Any CPU.Build.0 = Debug|Any CPU
		{8267A200-DAE5-4591-9EC6-396ADF9DC2DB}.Debug|x64.ActiveCfg = Debug|Any CPU
		{8267A200-DAE5-4591-9EC6-396ADF9DC2DB}.Debug|x64.Build.0 = Debug|Any CPU
		{8267A200-DAE5-4591-9EC6-396ADF9DC2DB}.Debug|x86.ActiveCfg = Debug|Any CPU
		{8267A200-DAE5-4591-9EC6-396ADF9DC2DB}.Debug|x86.Build.0 = Debug|Any CPU
		{8267A200-DAE5-4591-9EC6-396ADF9DC2DB}.Release|Any CPU.ActiveCfg = Release|Any CPU
		{8267A200-DAE5-4591-9EC6-396ADF9DC2DB}.Release|Any CPU.Build.0 = Release|Any CPU
		{8267A200-DAE5-4591-9EC6-396ADF9DC2DB}.Release|x64.ActiveCfg = Release|Any CPU
		{8267A200-DAE5-4591-9EC6-396ADF9DC2DB}.Release|x64.Build.0 = Release|Any CPU
		{8267A200-DAE5-4591-9EC6-396ADF9DC2DB}.Release|x86.ActiveCfg = Release|Any CPU
		{8267A200-DAE5-4591-9EC6-396ADF9DC2DB}.Release|x86.Build.0 = Release|Any CPU
	EndGlobalSection
	GlobalSection(SolutionProperties) = preSolution
		HideSolutionNode = FALSE
	EndGlobalSection
	GlobalSection(NestedProjects) = preSolution
		{6E328EDC-B53D-4885-BA9F-7241A9A90598} = {827E0CD3-B72D-47B6-A68D-7590B98EB39B}
		{6E7E2A1F-43BF-4417-8504-DD3732C85382} = {827E0CD3-B72D-47B6-A68D-7590B98EB39B}
		{CC617F02-A04C-4969-A29E-6EF402E8DC15} = {827E0CD3-B72D-47B6-A68D-7590B98EB39B}
		{6FBEB753-0384-40F0-BABE-61EBBFF4C5A6} = {827E0CD3-B72D-47B6-A68D-7590B98EB39B}
		{59BF8CF3-789E-42CA-88DF-50DCFA24033A} = {827E0CD3-B72D-47B6-A68D-7590B98EB39B}
		{81D382B6-EB1F-4FDF-A28E-AB88A0609EBC} = {827E0CD3-B72D-47B6-A68D-7590B98EB39B}
		{2B054615-A3E7-4151-901D-B8248EA4ACC8} = {0AB3BF05-4346-4AA6-1389-037BE0695223}
		{12ACCA8B-9EB6-44B0-BC2C-6346BA8DF5D4} = {0AB3BF05-4346-4AA6-1389-037BE0695223}
		{8267A200-DAE5-4591-9EC6-396ADF9DC2DB} = {0AB3BF05-4346-4AA6-1389-037BE0695223}
	EndGlobalSection
EndGlobal
