
Microsoft Visual Studio Solution File, Format Version 12.00
# Visual Studio Version 17
VisualStudioVersion = 17.0.31903.59
MinimumVisualStudioVersion = 10.0.40219.1
Project("{2150E333-8FDC-42A3-9474-1A3956D46DE8}") = "src", "src", "{827E0CD3-B72D-47B6-A68D-7590B98EB39B}"
EndProject
Project("{FAE04EC0-301F-11D3-BF4B-00C04F79EFBC}") = "Hospital.Application", "src\Hospital.Application\Hospital.Application.csproj", "{02F353AE-8EB0-44C0-B972-B1D9D2F4A60F}"
EndProject
Project("{FAE04EC0-301F-11D3-BF4B-00C04F79EFBC}") = "Hospital.Console", "src\Hospital.Console\Hospital.Console.csproj", "{107E0FEC-3795-442C-BEBA-9B522D913E17}"
EndProject
Project("{FAE04EC0-301F-11D3-BF4B-00C04F79EFBC}") = "Hospital.Contracts", "src\Hospital.Contracts\Hospital.Contracts.csproj", "{AC9B83B4-BB8F-4E26-B039-E05AD2131DCB}"
EndProject
Project("{FAE04EC0-301F-11D3-BF4B-00C04F79EFBC}") = "Hospital.CSharpFeatures", "src\Hospital.CSharpFeatures\Hospital.CSharpFeatures.csproj", "{775F59CF-D1DC-428D-8F26-5305F732586A}"
EndProject
Project("{FAE04EC0-301F-11D3-BF4B-00C04F79EFBC}") = "Hospital.Domain", "src\Hospital.Domain\Hospital.Domain.csproj", "{8864F85F-3820-4AD2-81F7-5E40C5FBC956}"
EndProject
Project("{FAE04EC0-301F-11D3-BF4B-00C04F79EFBC}") = "Hospital.Infrastructure", "src\Hospital.Infrastructure\Hospital.Infrastructure.csproj", "{9FE1299A-DF2A-4853-84F3-68690427572F}"
EndProject
Project("{FAE04EC0-301F-11D3-BF4B-00C04F79EFBC}") = "Hospital.Plugins.Statistics", "src\Hospital.Plugins.Statistics\Hospital.Plugins.Statistics.csproj", "{6E75B0D6-94CC-4248-BC1A-E654A5134E4A}"
EndProject
Project("{2150E333-8FDC-42A3-9474-1A3956D46DE8}") = "tests", "tests", "{0AB3BF05-4346-4AA6-1389-037BE0695223}"
EndProject
Project("{FAE04EC0-301F-11D3-BF4B-00C04F79EFBC}") = "Hospital.Tests", "tests\Hospital.Tests\Hospital.Tests.csproj", "{2327602D-890C-4FEF-B07A-106657E2FC32}"
EndProject
Global
	GlobalSection(SolutionConfigurationPlatforms) = preSolution
		Debug|Any CPU = Debug|Any CPU
		Debug|x64 = Debug|x64
		Debug|x86 = Debug|x86
		Release|Any CPU = Release|Any CPU
		Release|x64 = Release|x64
		Release|x86 = Release|x86
	EndGlobalSection
	GlobalSection(ProjectConfigurationPlatforms) = postSolution
		{02F353AE-8EB0-44C0-B972-B1D9D2F4A60F}.Debug|Any CPU.ActiveCfg = Debug|Any CPU
		{02F353AE-8EB0-44C0-B972-B1D9D2F4A60F}.Debug|Any CPU.Build.0 = Debug|Any CPU
		{02F353AE-8EB0-44C0-B972-B1D9D2F4A60F}.Debug|x64.ActiveCfg = Debug|Any CPU
		{02F353AE-8EB0-44C0-B972-B1D9D2F4A60F}.Debug|x64.Build.0 = Debug|Any CPU
		{02F353AE-8EB0-44C0-B972-B1D9D2F4A60F}.Debug|x86.ActiveCfg = Debug|Any CPU
		{02F353AE-8EB0-44C0-B972-B1D9D2F4A60F}.Debug|x86.Build.0 = Debug|Any CPU
		{02F353AE-8EB0-44C0-B972-B1D9D2F4A60F}.Release|Any CPU.ActiveCfg = Release|Any CPU
		{02F353AE-8EB0-44C0-B972-B1D9D2F4A60F}.Release|Any CPU.Build.0 = Release|Any CPU
		{02F353AE-8EB0-44C0-B972-B1D9D2F4A60F}.Release|x64.ActiveCfg = Release|Any CPU
		{02F353AE-8EB0-44C0-B972-B1D9D2F4A60F}.Release|x64.Build.0 = Release|Any CPU
		{02F353AE-8EB0-44C0-B972-B1D9D2F4A60F}.Release|x86.ActiveCfg = Release|Any CPU
		{02F353AE-8EB0-44C0-B972-B1D9D2F4A60F}.Release|x86.Build.0 = Release|Any CPU
		{107E0FEC-3795-442C-BEBA-9B522D913E17}.Debug|Any CPU.ActiveCfg = Debug|Any CPU
		{107E0FEC-3795-442C-BEBA-9B522D913E17}.Debug|Any CPU.Build.0 = Debug|Any CPU
		{107E0FEC-3795-442C-BEBA-9B522D913E17}.Debug|x64.ActiveCfg = Debug|Any CPU
		{107E0FEC-3795-442C-BEBA-9B522D913E17}.Debug|x64.Build.0 = Debug|Any CPU
		{107E0FEC-3795-442C-BEBA-9B522D913E17}.Debug|x86.ActiveCfg = Debug|Any CPU
		{107E0FEC-3795-442C-BEBA-9B522D913E17}.Debug|x86.Build.0 = Debug|Any CPU
		{107E0FEC-3795-442C-BEBA-9B522D913E17}.Release|Any CPU.ActiveCfg = Release|Any CPU
		{107E0FEC-3795-442C-BEBA-9B522D913E17}.Release|Any CPU.Build.0 = Release|Any CPU
		{107E0FEC-3795-442C-BEBA-9B522D913E17}.Release|x64.ActiveCfg = Release|Any CPU
		{107E0FEC-3795-442C-BEBA-9B522D913E17}.Release|x64.Build.0 = Release|Any CPU
		{107E0FEC-3795-442C-BEBA-9B522D913E17}.Release|x86.ActiveCfg = Release|Any CPU
		{107E0FEC-3795-442C-BEBA-9B522D913E17}.Release|x86.Build.0 = Release|Any CPU
		{AC9B83B4-BB8F-4E26-B039-E05AD2131DCB}.Debug|Any CPU.ActiveCfg = Debug|Any CPU
		{AC9B83B4-BB8F-4E26-B039-E05AD2131DCB}.Debug|Any CPU.Build.0 = Debug|Any CPU
		{AC9B83B4-BB8F-4E26-B039-E05AD2131DCB}.Debug|x64.ActiveCfg = Debug|Any CPU
		{AC9B83B4-BB8F-4E26-B039-E05AD2131DCB}.Debug|x64.Build.0 = Debug|Any CPU
		{AC9B83B4-BB8F-4E26-B039-E05AD2131DCB}.Debug|x86.ActiveCfg = Debug|Any CPU
		{AC9B83B4-BB8F-4E26-B039-E05AD2131DCB}.Debug|x86.Build.0 = Debug|Any CPU
		{AC9B83B4-BB8F-4E26-B039-E05AD2131DCB}.Release|Any CPU.ActiveCfg = Release|Any CPU
		{AC9B83B4-BB8F-4E26-B039-E05AD2131DCB}.Release|Any CPU.Build.0 = Release|Any CPU
		{AC9B83B4-BB8F-4E26-B039-E05AD2131DCB}.Release|x64.ActiveCfg = Release|Any CPU
		{AC9B83B4-BB8F-4E26-B039-E05AD2131DCB}.Release|x64.Build.0 = Release|Any CPU
		{AC9B83B4-BB8F-4E26-B039-E05AD2131DCB}.Release|x86.ActiveCfg = Release|Any CPU
		{AC9B83B4-BB8F-4E26-B039-E05AD2131DCB}.Release|x86.Build.0 = Release|Any CPU
		{775F59CF-D1DC-428D-8F26-5305F732586A}.Debug|Any CPU.ActiveCfg = Debug|Any CPU
		{775F59CF-D1DC-428D-8F26-5305F732586A}.Debug|Any CPU.Build.0 = Debug|Any CPU
		{775F59CF-D1DC-428D-8F26-5305F732586A}.Debug|x64.ActiveCfg = Debug|Any CPU
		{775F59CF-D1DC-428D-8F26-5305F732586A}.Debug|x64.Build.0 = Debug|Any CPU
		{775F59CF-D1DC-428D-8F26-5305F732586A}.Debug|x86.ActiveCfg = Debug|Any CPU
		{775F59CF-D1DC-428D-8F26-5305F732586A}.Debug|x86.Build.0 = Debug|Any CPU
		{775F59CF-D1DC-428D-8F26-5305F732586A}.Release|Any CPU.ActiveCfg = Release|Any CPU
		{775F59CF-D1DC-428D-8F26-5305F732586A}.Release|Any CPU.Build.0 = Release|Any CPU
		{775F59CF-D1DC-428D-8F26-5305F732586A}.Release|x64.ActiveCfg = Release|Any CPU
		{775F59CF-D1DC-428D-8F26-5305F732586A}.Release|x64.Build.0 = Release|Any CPU
		{775F59CF-D1DC-428D-8F26-5305F732586A}.Release|x86.ActiveCfg = Release|Any CPU
		{775F59CF-D1DC-428D-8F26-5305F732586A}.Release|x86.Build.0 = Release|Any CPU
		{8864F85F-3820-4AD2-81F7-5E40C5FBC956}.Debug|Any CPU.ActiveCfg = Debug|Any CPU
		{8864F85F-3820-4AD2-81F7-5E40C5FBC956}.Debug|Any CPU.Build.0 = Debug|Any CPU
		{8864F85F-3820-4AD2-81F7-5E40C5FBC956}.Debug|x64.ActiveCfg = Debug|Any CPU
		{8864F85F-3820-4AD2-81F7-5E40C5FBC956}.Debug|x64.Build.0 = Debug|Any CPU
		{8864F85F-3820-4AD2-81F7-5E40C5FBC956}.Debug|x86.ActiveCfg = Debug|Any CPU
		{8864F85F-3820-4AD2-81F7-5E40C5FBC956}.Debug|x86.Build.0 = Debug|Any CPU
		{8864F85F-3820-4AD2-81F7-5E40C5FBC956}.Release|Any CPU.ActiveCfg = Release|Any CPU
		{8864F85F-3820-4AD2-81F7-5E40C5FBC956}.Release|Any CPU.Build.0 = Release|Any CPU
		{8864F85F-3820-4AD2-81F7-5E40C5FBC956}.Release|x64.ActiveCfg = Release|Any CPU
		{8864F85F-3820-4AD2-81F7-5E40C5FBC956}.Release|x64.Build.0 = Release|Any CPU
		{8864F85F-3820-4AD2-81F7-5E40C5FBC956}.Release|x86.ActiveCfg = Release|Any CPU
		{8864F85F-3820-4AD2-81F7-5E40C5FBC956}.Release|x86.Build.0 = Release|Any CPU
		{9FE1299A-DF2A-4853-84F3-68690427572F}.Debug|Any CPU.ActiveCfg = Debug|Any CPU
		{9FE1299A-DF2A-4853-84F3-68690427572F}.Debug|Any CPU.Build.0 = Debug|Any CPU
		{9FE1299A-DF2A-4853-84F3-68690427572F}.Debug|x64.ActiveCfg = Debug|Any CPU
		{9FE1299A-DF2A-4853-84F3-68690427572F}.Debug|x64.Build.0 = Debug|Any CPU
		{9FE1299A-DF2A-4853-84F3-68690427572F}.Debug|x86.ActiveCfg = Debug|Any CPU
		{9FE1299A-DF2A-4853-84F3-68690427572F}.Debug|x86.Build.0 = Debug|Any CPU
		{9FE1299A-DF2A-4853-84F3-68690427572F}.Release|Any CPU.ActiveCfg = Release|Any CPU
		{9FE1299A-DF2A-4853-84F3-68690427572F}.Release|Any CPU.Build.0 = Release|Any CPU
		{9FE1299A-DF2A-4853-84F3-68690427572F}.Release|x64.ActiveCfg = Release|Any CPU
		{9FE1299A-DF2A-4853-84F3-68690427572F}.Release|x64.Build.0 = Release|Any CPU
		{9FE1299A-DF2A-4853-84F3-68690427572F}.Release|x86.ActiveCfg = Release|Any CPU
		{9FE1299A-DF2A-4853-84F3-68690427572F}.Release|x86.Build.0 = Release|Any CPU
		{6E75B0D6-94CC-4248-BC1A-E654A5134E4A}.Debug|Any CPU.ActiveCfg = Debug|Any CPU
		{6E75B0D6-94CC-4248-BC1A-E654A5134E4A}.Debug|Any CPU.Build.0 = Debug|Any CPU
		{6E75B0D6-94CC-4248-BC1A-E654A5134E4A}.Debug|x64.ActiveCfg = Debug|Any CPU
		{6E75B0D6-94CC-4248-BC1A-E654A5134E4A}.Debug|x64.Build.0 = Debug|Any CPU
		{6E75B0D6-94CC-4248-BC1A-E654A5134E4A}.Debug|x86.ActiveCfg = Debug|Any CPU
		{6E75B0D6-94CC-4248-BC1A-E654A5134E4A}.Debug|x86.Build.0 = Debug|Any CPU
		{6E75B0D6-94CC-4248-BC1A-E654A5134E4A}.Release|Any CPU.ActiveCfg = Release|Any CPU
		{6E75B0D6-94CC-4248-BC1A-E654A5134E4A}.Release|Any CPU.Build.0 = Release|Any CPU
		{6E75B0D6-94CC-4248-BC1A-E654A5134E4A}.Release|x64.ActiveCfg = Release|Any CPU
		{6E75B0D6-94CC-4248-BC1A-E654A5134E4A}.Release|x64.Build.0 = Release|Any CPU
		{6E75B0D6-94CC-4248-BC1A-E654A5134E4A}.Release|x86.ActiveCfg = Release|Any CPU
		{6E75B0D6-94CC-4248-BC1A-E654A5134E4A}.Release|x86.Build.0 = Release|Any CPU
		{2327602D-890C-4FEF-B07A-106657E2FC32}.Debug|Any CPU.ActiveCfg = Debug|Any CPU
		{2327602D-890C-4FEF-B07A-106657E2FC32}.Debug|Any CPU.Build.0 = Debug|Any CPU
		{2327602D-890C-4FEF-B07A-106657E2FC32}.Debug|x64.ActiveCfg = Debug|Any CPU
		{2327602D-890C-4FEF-B07A-106657E2FC32}.Debug|x64.Build.0 = Debug|Any CPU
		{2327602D-890C-4FEF-B07A-106657E2FC32}.Debug|x86.ActiveCfg = Debug|Any CPU
		{2327602D-890C-4FEF-B07A-106657E2FC32}.Debug|x86.Build.0 = Debug|Any CPU
		{2327602D-890C-4FEF-B07A-106657E2FC32}.Release|Any CPU.ActiveCfg = Release|Any CPU
		{2327602D-890C-4FEF-B07A-106657E2FC32}.Release|Any CPU.Build.0 = Release|Any CPU
		{2327602D-890C-4FEF-B07A-106657E2FC32}.Release|x64.ActiveCfg = Release|Any CPU
		{2327602D-890C-4FEF-B07A-106657E2FC32}.Release|x64.Build.0 = Release|Any CPU
		{2327602D-890C-4FEF-B07A-106657E2FC32}.Release|x86.ActiveCfg = Release|Any CPU
		{2327602D-890C-4FEF-B07A-106657E2FC32}.Release|x86.Build.0 = Release|Any CPU
	EndGlobalSection
	GlobalSection(SolutionProperties) = preSolution
		HideSolutionNode = FALSE
	EndGlobalSection
	GlobalSection(NestedProjects) = preSolution
		{02F353AE-8EB0-44C0-B972-B1D9D2F4A60F} = {827E0CD3-B72D-47B6-A68D-7590B98EB39B}
		{107E0FEC-3795-442C-BEBA-9B522D913E17} = {827E0CD3-B72D-47B6-A68D-7590B98EB39B}
		{AC9B83B4-BB8F-4E26-B039-E05AD2131DCB} = {827E0CD3-B72D-47B6-A68D-7590B98EB39B}
		{775F59CF-D1DC-428D-8F26-5305F732586A} = {827E0CD3-B72D-47B6-A68D-7590B98EB39B}
		{8864F85F-3820-4AD2-81F7-5E40C5FBC956} = {827E0CD3-B72D-47B6-A68D-7590B98EB39B}
		{9FE1299A-DF2A-4853-84F3-68690427572F} = {827E0CD3-B72D-47B6-A68D-7590B98EB39B}
		{6E75B0D6-94CC-4248-BC1A-E654A5134E4A} = {827E0CD3-B72D-47B6-A68D-7590B98EB39B}
		{2327602D-890C-4FEF-B07A-106657E2FC32} = {0AB3BF05-4346-4AA6-1389-037BE0695223}
	EndGlobalSection
EndGlobal
